
Microsoft Visual Studio Solution File, Format Version 12.00
# Visual Studio Version 17
VisualStudioVersion = 17.2.32526.322
MinimumVisualStudioVersion = 10.0.40219.1
Project("{FAE04EC0-301F-11D3-BF4B-00C04F79EFBC}") = "redimencion", "redimencion\redimencion.csproj", "{5E0A0749-273F-4EB4-A7FA-4C6B406D0B32}"
EndProject
Global
	GlobalSection(SolutionConfigurationPlatforms) = preSolution
		Debug|Any CPU = Debug|Any CPU
		Release|Any CPU = Release|Any CPU
	EndGlobalSection
	GlobalSection(ProjectConfigurationPlatforms) = postSolution
		{5E0A0749-273F-4EB4-A7FA-4C6B406D0B32}.Debug|Any CPU.ActiveCfg = Debug|Any CPU
		{5E0A0749-273F-4EB4-A7FA-4C6B406D0B32}.Debug|Any CPU.Build.0 = Debug|Any CPU
		{5E0A0749-273F-4EB4-A7FA-4C6B406D0B32}.Release|Any CPU.ActiveCfg = Release|Any CPU
		{5E0A0749-273F-4EB4-A7FA-4C6B406D0B32}.Release|Any CPU.Build.0 = Release|Any CPU
	EndGlobalSection
	GlobalSection(SolutionProperties) = preSolution
		HideSolutionNode = FALSE
	EndGlobalSection
	GlobalSection(ExtensibilityGlobals) = postSolution
		SolutionGuid = {CDAA76F5-5039-4BFC-826A-C309708ED7DD}
	EndGlobalSection
EndGlobal
